
Microsoft Visual Studio Solution File, Format Version 12.00
# Visual Studio Version 17
VisualStudioVersion = 17.0.31903.59
MinimumVisualStudioVersion = 10.0.40219.1
Project("{2150E333-8FDC-42A3-9474-1A3956D46DE8}") = "src", "src", "{827E0CD3-B72D-47B6-A68D-7590B98EB39B}"
EndProject
Project("{FAE04EC0-301F-11D3-BF4B-00C04F79EFBC}") = "ProfileService.Api", "src\ProfileService.Api\ProfileService.Api.csproj", "{AE4A8EF0-A2B3-4FB5-BC58-2843C29D34A7}"
EndProject
Project("{FAE04EC0-301F-11D3-BF4B-00C04F79EFBC}") = "ProfileService.Domain", "src\ProfileService.Domain\ProfileService.Domain.csproj", "{F472DAA6-0645-47DE-A4E1-E65564E6AAC2}"
EndProject
Project("{FAE04EC0-301F-11D3-BF4B-00C04F79EFBC}") = "ProfileService.Application", "src\ProfileService.Application\ProfileService.Application.csproj", "{EA211244-ED0B-4D05-A1F1-4E423DA0F036}"
EndProject
Project("{FAE04EC0-301F-11D3-BF4B-00C04F79EFBC}") = "ProfileService.Infrastructure", "src\ProfileService.Infrastructure\ProfileService.Infrastructure.csproj", "{271365DA-9F71-4B64-8D84-D383350C7383}"
EndProject
Global
	GlobalSection(SolutionConfigurationPlatforms) = preSolution
		Debug|Any CPU = Debug|Any CPU
		Debug|x64 = Debug|x64
		Debug|x86 = Debug|x86
		Release|Any CPU = Release|Any CPU
		Release|x64 = Release|x64
		Release|x86 = Release|x86
	EndGlobalSection
	GlobalSection(ProjectConfigurationPlatforms) = postSolution
		{AE4A8EF0-A2B3-4FB5-BC58-2843C29D34A7}.Debug|Any CPU.ActiveCfg = Debug|Any CPU
		{AE4A8EF0-A2B3-4FB5-BC58-2843C29D34A7}.Debug|Any CPU.Build.0 = Debug|Any CPU
		{AE4A8EF0-A2B3-4FB5-BC58-2843C29D34A7}.Debug|x64.ActiveCfg = Debug|Any CPU
		{AE4A8EF0-A2B3-4FB5-BC58-2843C29D34A7}.Debug|x64.Build.0 = Debug|Any CPU
		{AE4A8EF0-A2B3-4FB5-BC58-2843C29D34A7}.Debug|x86.ActiveCfg = Debug|Any CPU
		{AE4A8EF0-A2B3-4FB5-BC58-2843C29D34A7}.Debug|x86.Build.0 = Debug|Any CPU
		{AE4A8EF0-A2B3-4FB5-BC58-2843C29D34A7}.Release|Any CPU.ActiveCfg = Release|Any CPU
		{AE4A8EF0-A2B3-4FB5-BC58-2843C29D34A7}.Release|Any CPU.Build.0 = Release|Any CPU
		{AE4A8EF0-A2B3-4FB5-BC58-2843C29D34A7}.Release|x64.ActiveCfg = Release|Any CPU
		{AE4A8EF0-A2B3-4FB5-BC58-2843C29D34A7}.Release|x64.Build.0 = Release|Any CPU
		{AE4A8EF0-A2B3-4FB5-BC58-2843C29D34A7}.Release|x86.ActiveCfg = Release|Any CPU
		{AE4A8EF0-A2B3-4FB5-BC58-2843C29D34A7}.Release|x86.Build.0 = Release|Any CPU
		{F472DAA6-0645-47DE-A4E1-E65564E6AAC2}.Debug|Any CPU.ActiveCfg = Debug|Any CPU
		{F472DAA6-0645-47DE-A4E1-E65564E6AAC2}.Debug|Any CPU.Build.0 = Debug|Any CPU
		{F472DAA6-0645-47DE-A4E1-E65564E6AAC2}.Debug|x64.ActiveCfg = Debug|Any CPU
		{F472DAA6-0645-47DE-A4E1-E65564E6AAC2}.Debug|x64.Build.0 = Debug|Any CPU
		{F472DAA6-0645-47DE-A4E1-E65564E6AAC2}.Debug|x86.ActiveCfg = Debug|Any CPU
		{F472DAA6-0645-47DE-A4E1-E65564E6AAC2}.Debug|x86.Build.0 = Debug|Any CPU
		{F472DAA6-0645-47DE-A4E1-E65564E6AAC2}.Release|Any CPU.ActiveCfg = Release|Any CPU
		{F472DAA6-0645-47DE-A4E1-E65564E6AAC2}.Release|Any CPU.Build.0 = Release|Any CPU
		{F472DAA6-0645-47DE-A4E1-E65564E6AAC2}.Release|x64.ActiveCfg = Release|Any CPU
		{F472DAA6-0645-47DE-A4E1-E65564E6AAC2}.Release|x64.Build.0 = Release|Any CPU
		{F472DAA6-0645-47DE-A4E1-E65564E6AAC2}.Release|x86.ActiveCfg = Release|Any CPU
		{F472DAA6-0645-47DE-A4E1-E65564E6AAC2}.Release|x86.Build.0 = Release|Any CPU
		{EA211244-ED0B-4D05-A1F1-4E423DA0F036}.Debug|Any CPU.ActiveCfg = Debug|Any CPU
		{EA211244-ED0B-4D05-A1F1-4E423DA0F036}.Debug|Any CPU.Build.0 = Debug|Any CPU
		{EA211244-ED0B-4D05-A1F1-4E423DA0F036}.Debug|x64.ActiveCfg = Debug|Any CPU
		{EA211244-ED0B-4D05-A1F1-4E423DA0F036}.Debug|x64.Build.0 = Debug|Any CPU
		{EA211244-ED0B-4D05-A1F1-4E423DA0F036}.Debug|x86.ActiveCfg = Debug|Any CPU
		{EA211244-ED0B-4D05-A1F1-4E423DA0F036}.Debug|x86.Build.0 = Debug|Any CPU
		{EA211244-ED0B-4D05-A1F1-4E423DA0F036}.Release|Any CPU.ActiveCfg = Release|Any CPU
		{EA211244-ED0B-4D05-A1F1-4E423DA0F036}.Release|Any CPU.Build.0 = Release|Any CPU
		{EA211244-ED0B-4D05-A1F1-4E423DA0F036}.Release|x64.ActiveCfg = Release|Any CPU
		{EA211244-ED0B-4D05-A1F1-4E423DA0F036}.Release|x64.Build.0 = Release|Any CPU
		{EA211244-ED0B-4D05-A1F1-4E423DA0F036}.Release|x86.ActiveCfg = Release|Any CPU
		{EA211244-ED0B-4D05-A1F1-4E423DA0F036}.Release|x86.Build.0 = Release|Any CPU
		{271365DA-9F71-4B64-8D84-D383350C7383}.Debug|Any CPU.ActiveCfg = Debug|Any CPU
		{271365DA-9F71-4B64-8D84-D383350C7383}.Debug|Any CPU.Build.0 = Debug|Any CPU
		{271365DA-9F71-4B64-8D84-D383350C7383}.Debug|x64.ActiveCfg = Debug|Any CPU
		{271365DA-9F71-4B64-8D84-D383350C7383}.Debug|x64.Build.0 = Debug|Any CPU
		{271365DA-9F71-4B64-8D84-D383350C7383}.Debug|x86.ActiveCfg = Debug|Any CPU
		{271365DA-9F71-4B64-8D84-D383350C7383}.Debug|x86.Build.0 = Debug|Any CPU
		{271365DA-9F71-4B64-8D84-D383350C7383}.Release|Any CPU.ActiveCfg = Release|Any CPU
		{271365DA-9F71-4B64-8D84-D383350C7383}.Release|Any CPU.Build.0 = Release|Any CPU
		{271365DA-9F71-4B64-8D84-D383350C7383}.Release|x64.ActiveCfg = Release|Any CPU
		{271365DA-9F71-4B64-8D84-D383350C7383}.Release|x64.Build.0 = Release|Any CPU
		{271365DA-9F71-4B64-8D84-D383350C7383}.Release|x86.ActiveCfg = Release|Any CPU
		{271365DA-9F71-4B64-8D84-D383350C7383}.Release|x86.Build.0 = Release|Any CPU
	EndGlobalSection
	GlobalSection(SolutionProperties) = preSolution
		HideSolutionNode = FALSE
	EndGlobalSection
	GlobalSection(NestedProjects) = preSolution
		{AE4A8EF0-A2B3-4FB5-BC58-2843C29D34A7} = {827E0CD3-B72D-47B6-A68D-7590B98EB39B}
		{F472DAA6-0645-47DE-A4E1-E65564E6AAC2} = {827E0CD3-B72D-47B6-A68D-7590B98EB39B}
		{EA211244-ED0B-4D05-A1F1-4E423DA0F036} = {827E0CD3-B72D-47B6-A68D-7590B98EB39B}
		{271365DA-9F71-4B64-8D84-D383350C7383} = {827E0CD3-B72D-47B6-A68D-7590B98EB39B}
	EndGlobalSection
EndGlobal
